// !$*UTF8*$!
{
	archiveVersion = 1;
	classes = {
	};
	objectVersion = 77;
	objects = {

/* Begin PBXBuildFile section */
		D29CC0442D0D80D700AFCBCC /* ORSSerial in Frameworks */ = {isa = PBXBuildFile; productRef = D29CC0432D0D80D700AFCBCC /* ORSSerial */; };
/* End PBXBuildFile section */

/* Begin PBXContainerItemProxy section */
		D29CBF642D0C300F00AFCBCC /* PBXContainerItemProxy */ = {
			isa = PBXContainerItemProxy;
			containerPortal = D29CBF4A2D0C300E00AFCBCC /* Project object */;
			proxyType = 1;
			remoteGlobalIDString = D29CBF512D0C300E00AFCBCC;
			remoteInfo = UartMemo;
		};
		D29CBF6E2D0C300F00AFCBCC /* PBXContainerItemProxy */ = {
			isa = PBXContainerItemProxy;
			containerPortal = D29CBF4A2D0C300E00AFCBCC /* Project object */;
			proxyType = 1;
			remoteGlobalIDString = D29CBF512D0C300E00AFCBCC;
			remoteInfo = UartMemo;
		};
/* End PBXContainerItemProxy section */

/* Begin PBXFileReference section */
		D29CBF522D0C300E00AFCBCC /* PortyChat.app */ = {isa = PBXFileReference; explicitFileType = wrapper.application; includeInIndex = 0; path = PortyChat.app; sourceTree = BUILT_PRODUCTS_DIR; };
		D29CBF632D0C300F00AFCBCC /* PortyChatTests.xctest */ = {isa = PBXFileReference; explicitFileType = wrapper.cfbundle; includeInIndex = 0; path = PortyChatTests.xctest; sourceTree = BUILT_PRODUCTS_DIR; };
		D29CBF6D2D0C300F00AFCBCC /* PortyChatUITests.xctest */ = {isa = PBXFileReference; explicitFileType = wrapper.cfbundle; includeInIndex = 0; path = PortyChatUITests.xctest; sourceTree = BUILT_PRODUCTS_DIR; };
/* End PBXFileReference section */

/* Begin PBXFileSystemSynchronizedRootGroup section */
		D29CBF542D0C300E00AFCBCC /* PortyChat */ = {
			isa = PBXFileSystemSynchronizedRootGroup;
			path = PortyChat;
			sourceTree = "<group>";
		};
		D29CBF662D0C300F00AFCBCC /* PortyChatTests */ = {
			isa = PBXFileSystemSynchronizedRootGroup;
			path = PortyChatTests;
			sourceTree = "<group>";
		};
		D29CBF702D0C300F00AFCBCC /* PortyChatUITests */ = {
			isa = PBXFileSystemSynchronizedRootGroup;
			path = PortyChatUITests;
			sourceTree = "<group>";
		};
/* End PBXFileSystemSynchronizedRootGroup section */

/* Begin PBXFrameworksBuildPhase section */
		D29CBF4F2D0C300E00AFCBCC /* Frameworks */ = {
			isa = PBXFrameworksBuildPhase;
			buildActionMask = 2147483647;
			files = (
				D29CC0442D0D80D700AFCBCC /* ORSSerial in Frameworks */,
			);
			runOnlyForDeploymentPostprocessing = 0;
		};
		D29CBF602D0C300F00AFCBCC /* Frameworks */ = {
			isa = PBXFrameworksBuildPhase;
			buildActionMask = 2147483647;
			files = (
			);
			runOnlyForDeploymentPostprocessing = 0;
		};
		D29CBF6A2D0C300F00AFCBCC /* Frameworks */ = {
			isa = PBXFrameworksBuildPhase;
			buildActionMask = 2147483647;
			files = (
			);
			runOnlyForDeploymentPostprocessing = 0;
		};
/* End PBXFrameworksBuildPhase section */

/* Begin PBXGroup section */
		D29CBF492D0C300E00AFCBCC = {
			isa = PBXGroup;
			children = (
				D29CBF542D0C300E00AFCBCC /* PortyChat */,
				D29CBF662D0C300F00AFCBCC /* PortyChatTests */,
				D29CBF702D0C300F00AFCBCC /* PortyChatUITests */,
				D29CC0422D0D80D700AFCBCC /* Frameworks */,
				D29CBF532D0C300E00AFCBCC /* Products */,
			);
			sourceTree = "<group>";
		};
		D29CBF532D0C300E00AFCBCC /* Products */ = {
			isa = PBXGroup;
			children = (
				D29CBF522D0C300E00AFCBCC /* PortyChat.app */,
				D29CBF632D0C300F00AFCBCC /* PortyChatTests.xctest */,
				D29CBF6D2D0C300F00AFCBCC /* PortyChatUITests.xctest */,
			);
			name = Products;
			sourceTree = "<group>";
		};
		D29CC0422D0D80D700AFCBCC /* Frameworks */ = {
			isa = PBXGroup;
			children = (
			);
			name = Frameworks;
			sourceTree = "<group>";
		};
/* End PBXGroup section */

/* Begin PBXNativeTarget section */
		D29CBF512D0C300E00AFCBCC /* PortyChat */ = {
			isa = PBXNativeTarget;
			buildConfigurationList = D29CBF772D0C300F00AFCBCC /* Build configuration list for PBXNativeTarget "PortyChat" */;
			buildPhases = (
				D29CBF4E2D0C300E00AFCBCC /* Sources */,
				D29CBF4F2D0C300E00AFCBCC /* Frameworks */,
				D29CBF502D0C300E00AFCBCC /* Resources */,
			);
			buildRules = (
			);
			dependencies = (
			);
			fileSystemSynchronizedGroups = (
				D29CBF542D0C300E00AFCBCC /* PortyChat */,
			);
			name = PortyChat;
			packageProductDependencies = (
				D29CC0432D0D80D700AFCBCC /* ORSSerial */,
			);
			productName = UartMemo;
			productReference = D29CBF522D0C300E00AFCBCC /* PortyChat.app */;
			productType = "com.apple.product-type.application";
		};
		D29CBF622D0C300F00AFCBCC /* PortyChatTests */ = {
			isa = PBXNativeTarget;
			buildConfigurationList = D29CBF7A2D0C300F00AFCBCC /* Build configuration list for PBXNativeTarget "PortyChatTests" */;
			buildPhases = (
				D29CBF5F2D0C300F00AFCBCC /* Sources */,
				D29CBF602D0C300F00AFCBCC /* Frameworks */,
				D29CBF612D0C300F00AFCBCC /* Resources */,
			);
			buildRules = (
			);
			dependencies = (
				D29CBF652D0C300F00AFCBCC /* PBXTargetDependency */,
			);
			fileSystemSynchronizedGroups = (
				D29CBF662D0C300F00AFCBCC /* PortyChatTests */,
			);
			name = PortyChatTests;
			packageProductDependencies = (
			);
			productName = UartMemoTests;
			productReference = D29CBF632D0C300F00AFCBCC /* PortyChatTests.xctest */;
			productType = "com.apple.product-type.bundle.unit-test";
		};
		D29CBF6C2D0C300F00AFCBCC /* PortyChatUITests */ = {
			isa = PBXNativeTarget;
			buildConfigurationList = D29CBF7D2D0C300F00AFCBCC /* Build configuration list for PBXNativeTarget "PortyChatUITests" */;
			buildPhases = (
				D29CBF692D0C300F00AFCBCC /* Sources */,
				D29CBF6A2D0C300F00AFCBCC /* Frameworks */,
				D29CBF6B2D0C300F00AFCBCC /* Resources */,
			);
			buildRules = (
			);
			dependencies = (
				D29CBF6F2D0C300F00AFCBCC /* PBXTargetDependency */,
			);
			fileSystemSynchronizedGroups = (
				D29CBF702D0C300F00AFCBCC /* PortyChatUITests */,
			);
			name = PortyChatUITests;
			packageProductDependencies = (
			);
			productName = UartMemoUITests;
			productReference = D29CBF6D2D0C300F00AFCBCC /* PortyChatUITests.xctest */;
			productType = "com.apple.product-type.bundle.ui-testing";
		};
/* End PBXNativeTarget section */

/* Begin PBXProject section */
		D29CBF4A2D0C300E00AFCBCC /* Project object */ = {
			isa = PBXProject;
			attributes = {
				BuildIndependentTargetsInParallel = 1;
				LastSwiftUpdateCheck = 1610;
				LastUpgradeCheck = 1610;
				TargetAttributes = {
					D29CBF512D0C300E00AFCBCC = {
						CreatedOnToolsVersion = 16.1;
					};
					D29CBF622D0C300F00AFCBCC = {
						CreatedOnToolsVersion = 16.1;
						TestTargetID = D29CBF512D0C300E00AFCBCC;
					};
					D29CBF6C2D0C300F00AFCBCC = {
						CreatedOnToolsVersion = 16.1;
						TestTargetID = D29CBF512D0C300E00AFCBCC;
					};
				};
			};
			buildConfigurationList = D29CBF4D2D0C300E00AFCBCC /* Build configuration list for PBXProject "PortyChat" */;
			developmentRegion = en;
			hasScannedForEncodings = 0;
			knownRegions = (
				en,
				Base,
			);
			mainGroup = D29CBF492D0C300E00AFCBCC;
			minimizedProjectReferenceProxies = 1;
			packageReferences = (
				D29CC0412D0D800A00AFCBCC /* XCRemoteSwiftPackageReference "ORSSerialPort" */,
			);
			preferredProjectObjectVersion = 77;
			productRefGroup = D29CBF532D0C300E00AFCBCC /* Products */;
			projectDirPath = "";
			projectRoot = "";
			targets = (
				D29CBF512D0C300E00AFCBCC /* PortyChat */,
				D29CBF622D0C300F00AFCBCC /* PortyChatTests */,
				D29CBF6C2D0C300F00AFCBCC /* PortyChatUITests */,
			);
		};
/* End PBXProject section */

/* Begin PBXResourcesBuildPhase section */
		D29CBF502D0C300E00AFCBCC /* Resources */ = {
			isa = PBXResourcesBuildPhase;
			buildActionMask = 2147483647;
			files = (
			);
			runOnlyForDeploymentPostprocessing = 0;
		};
		D29CBF612D0C300F00AFCBCC /* Resources */ = {
			isa = PBXResourcesBuildPhase;
			buildActionMask = 2147483647;
			files = (
			);
			runOnlyForDeploymentPostprocessing = 0;
		};
		D29CBF6B2D0C300F00AFCBCC /* Resources */ = {
			isa = PBXResourcesBuildPhase;
			buildActionMask = 2147483647;
			files = (
			);
			runOnlyForDeploymentPostprocessing = 0;
		};
/* End PBXResourcesBuildPhase section */

/* Begin PBXSourcesBuildPhase section */
		D29CBF4E2D0C300E00AFCBCC /* Sources */ = {
			isa = PBXSourcesBuildPhase;
			buildActionMask = 2147483647;
			files = (
			);
			runOnlyForDeploymentPostprocessing = 0;
		};
		D29CBF5F2D0C300F00AFCBCC /* Sources */ = {
			isa = PBXSourcesBuildPhase;
			buildActionMask = 2147483647;
			files = (
			);
			runOnlyForDeploymentPostprocessing = 0;
		};
		D29CBF692D0C300F00AFCBCC /* Sources */ = {
			isa = PBXSourcesBuildPhase;
			buildActionMask = 2147483647;
			files = (
			);
			runOnlyForDeploymentPostprocessing = 0;
		};
/* End PBXSourcesBuildPhase section */

/* Begin PBXTargetDependency section */
		D29CBF652D0C300F00AFCBCC /* PBXTargetDependency */ = {
			isa = PBXTargetDependency;
			target = D29CBF512D0C300E00AFCBCC /* PortyChat */;
			targetProxy = D29CBF642D0C300F00AFCBCC /* PBXContainerItemProxy */;
		};
		D29CBF6F2D0C300F00AFCBCC /* PBXTargetDependency */ = {
			isa = PBXTargetDependency;
			target = D29CBF512D0C300E00AFCBCC /* PortyChat */;
			targetProxy = D29CBF6E2D0C300F00AFCBCC /* PBXContainerItemProxy */;
		};
/* End PBXTargetDependency section */

/* Begin XCBuildConfiguration section */
		D29CBF752D0C300F00AFCBCC /* Debug */ = {
			isa = XCBuildConfiguration;
			buildSettings = {
				ALWAYS_SEARCH_USER_PATHS = NO;
				ASSETCATALOG_COMPILER_GENERATE_SWIFT_ASSET_SYMBOL_EXTENSIONS = YES;
				CLANG_ANALYZER_NONNULL = YES;
				CLANG_ANALYZER_NUMBER_OBJECT_CONVERSION = YES_AGGRESSIVE;
				CLANG_CXX_LANGUAGE_STANDARD = "gnu++20";
				CLANG_ENABLE_MODULES = YES;
				CLANG_ENABLE_OBJC_ARC = YES;
				CLANG_ENABLE_OBJC_WEAK = YES;
				CLANG_WARN_BLOCK_CAPTURE_AUTORELEASING = YES;
				CLANG_WARN_BOOL_CONVERSION = YES;
				CLANG_WARN_COMMA = YES;
				CLANG_WARN_CONSTANT_CONVERSION = YES;
				CLANG_WARN_DEPRECATED_OBJC_IMPLEMENTATIONS = YES;
				CLANG_WARN_DIRECT_OBJC_ISA_USAGE = YES_ERROR;
				CLANG_WARN_DOCUMENTATION_COMMENTS = YES;
				CLANG_WARN_EMPTY_BODY = YES;
				CLANG_WARN_ENUM_CONVERSION = YES;
				CLANG_WARN_INFINITE_RECURSION = YES;
				CLANG_WARN_INT_CONVERSION = YES;
				CLANG_WARN_NON_LITERAL_NULL_CONVERSION = YES;
				CLANG_WARN_OBJC_IMPLICIT_RETAIN_SELF = YES;
				CLANG_WARN_OBJC_LITERAL_CONVERSION = YES;
				CLANG_WARN_OBJC_ROOT_CLASS = YES_ERROR;
				CLANG_WARN_QUOTED_INCLUDE_IN_FRAMEWORK_HEADER = YES;
				CLANG_WARN_RANGE_LOOP_ANALYSIS = YES;
				CLANG_WARN_STRICT_PROTOTYPES = YES;
				CLANG_WARN_SUSPICIOUS_MOVE = YES;
				CLANG_WARN_UNGUARDED_AVAILABILITY = YES_AGGRESSIVE;
				CLANG_WARN_UNREACHABLE_CODE = YES;
				CLANG_WARN__DUPLICATE_METHOD_MATCH = YES;
				COPY_PHASE_STRIP = NO;
				DEBUG_INFORMATION_FORMAT = dwarf;
				ENABLE_STRICT_OBJC_MSGSEND = YES;
				ENABLE_TESTABILITY = YES;
				ENABLE_USER_SCRIPT_SANDBOXING = YES;
				GCC_C_LANGUAGE_STANDARD = gnu17;
				GCC_DYNAMIC_NO_PIC = NO;
				GCC_NO_COMMON_BLOCKS = YES;
				GCC_OPTIMIZATION_LEVEL = 0;
				GCC_PREPROCESSOR_DEFINITIONS = (
					"DEBUG=1",
					"$(inherited)",
				);
				GCC_WARN_64_TO_32_BIT_CONVERSION = YES;
				GCC_WARN_ABOUT_RETURN_TYPE = YES_ERROR;
				GCC_WARN_UNDECLARED_SELECTOR = YES;
				GCC_WARN_UNINITIALIZED_AUTOS = YES_AGGRESSIVE;
				GCC_WARN_UNUSED_FUNCTION = YES;
				GCC_WARN_UNUSED_VARIABLE = YES;
				LOCALIZATION_PREFERS_STRING_CATALOGS = YES;
				MTL_ENABLE_DEBUG_INFO = INCLUDE_SOURCE;
				MTL_FAST_MATH = YES;
				ONLY_ACTIVE_ARCH = YES;
				SWIFT_ACTIVE_COMPILATION_CONDITIONS = "DEBUG $(inherited)";
				SWIFT_OPTIMIZATION_LEVEL = "-Onone";
			};
			name = Debug;
		};
		D29CBF762D0C300F00AFCBCC /* Release */ = {
			isa = XCBuildConfiguration;
			buildSettings = {
				ALWAYS_SEARCH_USER_PATHS = NO;
				ASSETCATALOG_COMPILER_GENERATE_SWIFT_ASSET_SYMBOL_EXTENSIONS = YES;
				CLANG_ANALYZER_NONNULL = YES;
				CLANG_ANALYZER_NUMBER_OBJECT_CONVERSION = YES_AGGRESSIVE;
				CLANG_CXX_LANGUAGE_STANDARD = "gnu++20";
				CLANG_ENABLE_MODULES = YES;
				CLANG_ENABLE_OBJC_ARC = YES;
				CLANG_ENABLE_OBJC_WEAK = YES;
				CLANG_WARN_BLOCK_CAPTURE_AUTORELEASING = YES;
				CLANG_WARN_BOOL_CONVERSION = YES;
				CLANG_WARN_COMMA = YES;
				CLANG_WARN_CONSTANT_CONVERSION = YES;
				CLANG_WARN_DEPRECATED_OBJC_IMPLEMENTATIONS = YES;
				CLANG_WARN_DIRECT_OBJC_ISA_USAGE = YES_ERROR;
				CLANG_WARN_DOCUMENTATION_COMMENTS = YES;
				CLANG_WARN_EMPTY_BODY = YES;
				CLANG_WARN_ENUM_CONVERSION = YES;
				CLANG_WARN_INFINITE_RECURSION = YES;
				CLANG_WARN_INT_CONVERSION = YES;
				CLANG_WARN_NON_LITERAL_NULL_CONVERSION = YES;
				CLANG_WARN_OBJC_IMPLICIT_RETAIN_SELF = YES;
				CLANG_WARN_OBJC_LITERAL_CONVERSION = YES;
				CLANG_WARN_OBJC_ROOT_CLASS = YES_ERROR;
				CLANG_WARN_QUOTED_INCLUDE_IN_FRAMEWORK_HEADER = YES;
				CLANG_WARN_RANGE_LOOP_ANALYSIS = YES;
				CLANG_WARN_STRICT_PROTOTYPES = YES;
				CLANG_WARN_SUSPICIOUS_MOVE = YES;
				CLANG_WARN_UNGUARDED_AVAILABILITY = YES_AGGRESSIVE;
				CLANG_WARN_UNREACHABLE_CODE = YES;
				CLANG_WARN__DUPLICATE_METHOD_MATCH = YES;
				COPY_PHASE_STRIP = NO;
				DEBUG_INFORMATION_FORMAT = "dwarf-with-dsym";
				ENABLE_NS_ASSERTIONS = NO;
				ENABLE_STRICT_OBJC_MSGSEND = YES;
				ENABLE_USER_SCRIPT_SANDBOXING = YES;
				GCC_C_LANGUAGE_STANDARD = gnu17;
				GCC_NO_COMMON_BLOCKS = YES;
				GCC_WARN_64_TO_32_BIT_CONVERSION = YES;
				GCC_WARN_ABOUT_RETURN_TYPE = YES_ERROR;
				GCC_WARN_UNDECLARED_SELECTOR = YES;
				GCC_WARN_UNINITIALIZED_AUTOS = YES_AGGRESSIVE;
				GCC_WARN_UNUSED_FUNCTION = YES;
				GCC_WARN_UNUSED_VARIABLE = YES;
				LOCALIZATION_PREFERS_STRING_CATALOGS = YES;
				MTL_ENABLE_DEBUG_INFO = NO;
				MTL_FAST_MATH = YES;
				SWIFT_COMPILATION_MODE = wholemodule;
			};
			name = Release;
		};
		D29CBF782D0C300F00AFCBCC /* Debug */ = {
			isa = XCBuildConfiguration;
			buildSettings = {
				ASSETCATALOG_COMPILER_APPICON_NAME = AppIcon;
				ASSETCATALOG_COMPILER_GLOBAL_ACCENT_COLOR_NAME = AccentColor;
				CODE_SIGN_ENTITLEMENTS = PortyChat/PortyChat.entitlements;
				"CODE_SIGN_IDENTITY[sdk=macosx*]" = "Apple Development";
				CODE_SIGN_STYLE = Automatic;
				CURRENT_PROJECT_VERSION = 1;
				DEVELOPMENT_ASSET_PATHS = "\"PortyChat/Preview Content\"";
				DEVELOPMENT_TEAM = KRB9LVY982;
				ENABLE_HARDENED_RUNTIME = YES;
				ENABLE_PREVIEWS = YES;
				GENERATE_INFOPLIST_FILE = YES;
				"INFOPLIST_KEY_UIApplicationSceneManifest_Generation[sdk=iphoneos*]" = YES;
				"INFOPLIST_KEY_UIApplicationSceneManifest_Generation[sdk=iphonesimulator*]" = YES;
				"INFOPLIST_KEY_UIApplicationSupportsIndirectInputEvents[sdk=iphoneos*]" = YES;
				"INFOPLIST_KEY_UIApplicationSupportsIndirectInputEvents[sdk=iphonesimulator*]" = YES;
				"INFOPLIST_KEY_UILaunchScreen_Generation[sdk=iphoneos*]" = YES;
				"INFOPLIST_KEY_UILaunchScreen_Generation[sdk=iphonesimulator*]" = YES;
				"INFOPLIST_KEY_UIStatusBarStyle[sdk=iphoneos*]" = UIStatusBarStyleDefault;
				"INFOPLIST_KEY_UIStatusBarStyle[sdk=iphonesimulator*]" = UIStatusBarStyleDefault;
				INFOPLIST_KEY_UISupportedInterfaceOrientations_iPad = "UIInterfaceOrientationPortrait UIInterfaceOrientationPortraitUpsideDown UIInterfaceOrientationLandscapeLeft UIInterfaceOrientationLandscapeRight";
				INFOPLIST_KEY_UISupportedInterfaceOrientations_iPhone = "UIInterfaceOrientationPortrait UIInterfaceOrientationLandscapeLeft UIInterfaceOrientationLandscapeRight";
				IPHONEOS_DEPLOYMENT_TARGET = 18.1;
				LD_RUNPATH_SEARCH_PATHS = "@executable_path/Frameworks";
				"LD_RUNPATH_SEARCH_PATHS[sdk=macosx*]" = "@executable_path/../Frameworks";
				MACOSX_DEPLOYMENT_TARGET = 15.1;
				MARKETING_VERSION = 1.0;
				PRODUCT_BUNDLE_IDENTIFIER = stdz.PortyChat;
				PRODUCT_NAME = "$(TARGET_NAME)";
				SDKROOT = auto;
				SUPPORTED_PLATFORMS = "iphoneos iphonesimulator macosx xros xrsimulator";
				SWIFT_EMIT_LOC_STRINGS = YES;
				SWIFT_VERSION = 5.0;
				TARGETED_DEVICE_FAMILY = "1,2,7";
				XROS_DEPLOYMENT_TARGET = 2.1;
			};
			name = Debug;
		};
		D29CBF792D0C300F00AFCBCC /* Release */ = {
			isa = XCBuildConfiguration;
			buildSettings = {
				ASSETCATALOG_COMPILER_APPICON_NAME = AppIcon;
				ASSETCATALOG_COMPILER_GLOBAL_ACCENT_COLOR_NAME = AccentColor;
				CODE_SIGN_ENTITLEMENTS = PortyChat/PortyChat.entitlements;
				"CODE_SIGN_IDENTITY[sdk=macosx*]" = "Apple Development";
				CODE_SIGN_STYLE = Automatic;
				CURRENT_PROJECT_VERSION = 1;
				DEVELOPMENT_ASSET_PATHS = "\"PortyChat/Preview Content\"";
				DEVELOPMENT_TEAM = KRB9LVY982;
				ENABLE_HARDENED_RUNTIME = YES;
				ENABLE_PREVIEWS = YES;
				GENERATE_INFOPLIST_FILE = YES;
				"INFOPLIST_KEY_UIApplicationSceneManifest_Generation[sdk=iphoneos*]" = YES;
				"INFOPLIST_KEY_UIApplicationSceneManifest_Generation[sdk=iphonesimulator*]" = YES;
				"INFOPLIST_KEY_UIApplicationSupportsIndirectInputEvents[sdk=iphoneos*]" = YES;
				"INFOPLIST_KEY_UIApplicationSupportsIndirectInputEvents[sdk=iphonesimulator*]" = YES;
				"INFOPLIST_KEY_UILaunchScreen_Generation[sdk=iphoneos*]" = YES;
				"INFOPLIST_KEY_UILaunchScreen_Generation[sdk=iphonesimulator*]" = YES;
				"INFOPLIST_KEY_UIStatusBarStyle[sdk=iphoneos*]" = UIStatusBarStyleDefault;
				"INFOPLIST_KEY_UIStatusBarStyle[sdk=iphonesimulator*]" = UIStatusBarStyleDefault;
				INFOPLIST_KEY_UISupportedInterfaceOrientations_iPad = "UIInterfaceOrientationPortrait UIInterfaceOrientationPortraitUpsideDown UIInterfaceOrientationLandscapeLeft UIInterfaceOrientationLandscapeRight";
				INFOPLIST_KEY_UISupportedInterfaceOrientations_iPhone = "UIInterfaceOrientationPortrait UIInterfaceOrientationLandscapeLeft UIInterfaceOrientationLandscapeRight";
				IPHONEOS_DEPLOYMENT_TARGET = 18.1;
				LD_RUNPATH_SEARCH_PATHS = "@executable_path/Frameworks";
				"LD_RUNPATH_SEARCH_PATHS[sdk=macosx*]" = "@executable_path/../Frameworks";
				MACOSX_DEPLOYMENT_TARGET = 15.1;
				MARKETING_VERSION = 1.0;
				PRODUCT_BUNDLE_IDENTIFIER = stdz.PortyChat;
				PRODUCT_NAME = "$(TARGET_NAME)";
				SDKROOT = auto;
				SUPPORTED_PLATFORMS = "iphoneos iphonesimulator macosx xros xrsimulator";
				SWIFT_EMIT_LOC_STRINGS = YES;
				SWIFT_VERSION = 5.0;
				TARGETED_DEVICE_FAMILY = "1,2,7";
				XROS_DEPLOYMENT_TARGET = 2.1;
			};
			name = Release;
		};
		D29CBF7B2D0C300F00AFCBCC /* Debug */ = {
			isa = XCBuildConfiguration;
			buildSettings = {
				BUNDLE_LOADER = "$(TEST_HOST)";
				CODE_SIGN_STYLE = Automatic;
				CURRENT_PROJECT_VERSION = 1;
				GENERATE_INFOPLIST_FILE = YES;
				IPHONEOS_DEPLOYMENT_TARGET = 18.1;
				MACOSX_DEPLOYMENT_TARGET = 15.1;
				MARKETING_VERSION = 1.0;
				PRODUCT_BUNDLE_IDENTIFIER = stdz.UartMemoTests;
				PRODUCT_NAME = "$(TARGET_NAME)";
				SDKROOT = auto;
				SUPPORTED_PLATFORMS = "iphoneos iphonesimulator macosx xros xrsimulator";
				SWIFT_EMIT_LOC_STRINGS = NO;
				SWIFT_VERSION = 5.0;
				TARGETED_DEVICE_FAMILY = "1,2,7";
				TEST_HOST = "$(BUILT_PRODUCTS_DIR)/PortyChat.app/$(BUNDLE_EXECUTABLE_FOLDER_PATH)/PortyChat";
				XROS_DEPLOYMENT_TARGET = 2.1;
			};
			name = Debug;
		};
		D29CBF7C2D0C300F00AFCBCC /* Release */ = {
			isa = XCBuildConfiguration;
			buildSettings = {
				BUNDLE_LOADER = "$(TEST_HOST)";
				CODE_SIGN_STYLE = Automatic;
				CURRENT_PROJECT_VERSION = 1;
				GENERATE_INFOPLIST_FILE = YES;
				IPHONEOS_DEPLOYMENT_TARGET = 18.1;
				MACOSX_DEPLOYMENT_TARGET = 15.1;
				MARKETING_VERSION = 1.0;
				PRODUCT_BUNDLE_IDENTIFIER = stdz.UartMemoTests;
				PRODUCT_NAME = "$(TARGET_NAME)";
				SDKROOT = auto;
				SUPPORTED_PLATFORMS = "iphoneos iphonesimulator macosx xros xrsimulator";
				SWIFT_EMIT_LOC_STRINGS = NO;
				SWIFT_VERSION = 5.0;
				TARGETED_DEVICE_FAMILY = "1,2,7";
				TEST_HOST = "$(BUILT_PRODUCTS_DIR)/PortyChat.app/$(BUNDLE_EXECUTABLE_FOLDER_PATH)/PortyChat";
				XROS_DEPLOYMENT_TARGET = 2.1;
			};
			name = Release;
		};
		D29CBF7E2D0C300F00AFCBCC /* Debug */ = {
			isa = XCBuildConfiguration;
			buildSettings = {
				CODE_SIGN_STYLE = Automatic;
				CURRENT_PROJECT_VERSION = 1;
				GENERATE_INFOPLIST_FILE = YES;
				IPHONEOS_DEPLOYMENT_TARGET = 18.1;
				MACOSX_DEPLOYMENT_TARGET = 15.1;
				MARKETING_VERSION = 1.0;
				PRODUCT_BUNDLE_IDENTIFIER = stdz.UartMemoUITests;
				PRODUCT_NAME = "$(TARGET_NAME)";
				SDKROOT = auto;
				SUPPORTED_PLATFORMS = "iphoneos iphonesimulator macosx xros xrsimulator";
				SWIFT_EMIT_LOC_STRINGS = NO;
				SWIFT_VERSION = 5.0;
				TARGETED_DEVICE_FAMILY = "1,2,7";
				TEST_TARGET_NAME = UartMemo;
				XROS_DEPLOYMENT_TARGET = 2.1;
			};
			name = Debug;
		};
		D29CBF7F2D0C300F00AFCBCC /* Release */ = {
			isa = XCBuildConfiguration;
			buildSettings = {
				CODE_SIGN_STYLE = Automatic;
				CURRENT_PROJECT_VERSION = 1;
				GENERATE_INFOPLIST_FILE = YES;
				IPHONEOS_DEPLOYMENT_TARGET = 18.1;
				MACOSX_DEPLOYMENT_TARGET = 15.1;
				MARKETING_VERSION = 1.0;
				PRODUCT_BUNDLE_IDENTIFIER = stdz.UartMemoUITests;
				PRODUCT_NAME = "$(TARGET_NAME)";
				SDKROOT = auto;
				SUPPORTED_PLATFORMS = "iphoneos iphonesimulator macosx xros xrsimulator";
				SWIFT_EMIT_LOC_STRINGS = NO;
				SWIFT_VERSION = 5.0;
				TARGETED_DEVICE_FAMILY = "1,2,7";
				TEST_TARGET_NAME = UartMemo;
				XROS_DEPLOYMENT_TARGET = 2.1;
			};
			name = Release;
		};
/* End XCBuildConfiguration section */

/* Begin XCConfigurationList section */
		D29CBF4D2D0C300E00AFCBCC /* Build configuration list for PBXProject "PortyChat" */ = {
			isa = XCConfigurationList;
			buildConfigurations = (
				D29CBF752D0C300F00AFCBCC /* Debug */,
				D29CBF762D0C300F00AFCBCC /* Release */,
			);
			defaultConfigurationIsVisible = 0;
			defaultConfigurationName = Release;
		};
		D29CBF772D0C300F00AFCBCC /* Build configuration list for PBXNativeTarget "PortyChat" */ = {
			isa = XCConfigurationList;
			buildConfigurations = (
				D29CBF782D0C300F00AFCBCC /* Debug */,
				D29CBF792D0C300F00AFCBCC /* Release */,
			);
			defaultConfigurationIsVisible = 0;
			defaultConfigurationName = Release;
		};
		D29CBF7A2D0C300F00AFCBCC /* Build configuration list for PBXNativeTarget "PortyChatTests" */ = {
			isa = XCConfigurationList;
			buildConfigurations = (
				D29CBF7B2D0C300F00AFCBCC /* Debug */,
				D29CBF7C2D0C300F00AFCBCC /* Release */,
			);
			defaultConfigurationIsVisible = 0;
			defaultConfigurationName = Release;
		};
		D29CBF7D2D0C300F00AFCBCC /* Build configuration list for PBXNativeTarget "PortyChatUITests" */ = {
			isa = XCConfigurationList;
			buildConfigurations = (
				D29CBF7E2D0C300F00AFCBCC /* Debug */,
				D29CBF7F2D0C300F00AFCBCC /* Release */,
			);
			defaultConfigurationIsVisible = 0;
			defaultConfigurationName = Release;
		};
/* End XCConfigurationList section */

/* Begin XCRemoteSwiftPackageReference section */
		D29CC0412D0D800A00AFCBCC /* XCRemoteSwiftPackageReference "ORSSerialPort" */ = {
			isa = XCRemoteSwiftPackageReference;
			repositoryURL = "https://github.com/armadsen/ORSSerialPort.git";
			requirement = {
				kind = upToNextMajorVersion;
				minimumVersion = 2.1.0;
			};
		};
/* End XCRemoteSwiftPackageReference section */

/* Begin XCSwiftPackageProductDependency section */
		D29CC0432D0D80D700AFCBCC /* ORSSerial */ = {
			isa = XCSwiftPackageProductDependency;
			package = D29CC0412D0D800A00AFCBCC /* XCRemoteSwiftPackageReference "ORSSerialPort" */;
			productName = ORSSerial;
		};
/* End XCSwiftPackageProductDependency section */
	};
	rootObject = D29CBF4A2D0C300E00AFCBCC /* Project object */;
}
